
Microsoft Visual Studio Solution File, Format Version 12.00
# Visual Studio Version 17
VisualStudioVersion = 17.0.31903.59
MinimumVisualStudioVersion = 10.0.40219.1
Project("{FAE04EC0-301F-11D3-BF4B-00C04F79EFBC}") = "IoTSensorAPI", "IoTSensorAPI\IoTSensorAPI.csproj", "{7F05A7F6-3C95-4922-9921-7B43E4C7DBB7}"
EndProject
Global
	GlobalSection(SolutionConfigurationPlatforms) = preSolution
		Debug|Any CPU = Debug|Any CPU
		Release|Any CPU = Release|Any CPU
	EndGlobalSection
	GlobalSection(ProjectConfigurationPlatforms) = postSolution
		{7F05A7F6-3C95-4922-9921-7B43E4C7DBB7}.Debug|Any CPU.ActiveCfg = Debug|Any CPU
		{7F05A7F6-3C95-4922-9921-7B43E4C7DBB7}.Debug|Any CPU.Build.0 = Debug|Any CPU
		{7F05A7F6-3C95-4922-9921-7B43E4C7DBB7}.Release|Any CPU.ActiveCfg = Release|Any CPU
		{7F05A7F6-3C95-4922-9921-7B43E4C7DBB7}.Release|Any CPU.Build.0 = Release|Any CPU
	EndGlobalSection
	GlobalSection(SolutionProperties) = preSolution
		HideSolutionNode = FALSE
	EndGlobalSection
	GlobalSection(ExtensibilityGlobals) = postSolution
		SolutionGuid = {5AA91CBC-DBCA-4DF3-A8B2-B8E1FF1D8C6D}
	EndGlobalSection
EndGlobal
